
Microsoft Visual Studio Solution File, Format Version 9.00
# Visual Studio 2005
Project("{8BC9CEB8-8B4A-11D0-8D11-00A0C91BC942}") = "bmp_viewer", "bmp_viewer.vcproj", "{C1CC3310-929B-4C1D-91CE-E8B939499D88}"
EndProject
Global
	GlobalSection(SolutionConfigurationPlatforms) = preSolution
		Debug|Win32 = Debug|Win32
		Release|Win32 = Release|Win32
	EndGlobalSection
	GlobalSection(ProjectConfigurationPlatforms) = postSolution
		{C1CC3310-929B-4C1D-91CE-E8B939499D88}.Debug|Win32.ActiveCfg = Debug|Win32
		{C1CC3310-929B-4C1D-91CE-E8B939499D88}.Debug|Win32.Build.0 = Debug|Win32
		{C1CC3310-929B-4C1D-91CE-E8B939499D88}.Release|Win32.ActiveCfg = Release|Win32
		{C1CC3310-929B-4C1D-91CE-E8B939499D88}.Release|Win32.Build.0 = Release|Win32
	EndGlobalSection
	GlobalSection(SolutionProperties) = preSolution
		HideSolutionNode = FALSE
	EndGlobalSection
EndGlobal
